
Microsoft Visual Studio Solution File, Format Version 12.00
# Visual Studio Version 17
VisualStudioVersion = 17.8.34525.116
MinimumVisualStudioVersion = 10.0.40219.1
Project("{9A19103F-16F7-4668-BE54-9A1E7A4F7556}") = "Rvt.Background", "Rvt.Background\Rvt.Background.csproj", "{0A310011-50E5-4FEE-9934-C2B54B753549}"
EndProject
Project("{2150E333-8FDC-42A3-9474-1A3956D46DE8}") = "solution items", "solution items", "{6D6731BB-E20B-43A6-9F1F-DE3249981284}"
	ProjectSection(SolutionItems) = preProject
		..\LICENSE = ..\LICENSE
		..\README.md = ..\README.md
	EndProjectSection
EndProject
Global
	GlobalSection(SolutionConfigurationPlatforms) = preSolution
		Debug|Any CPU = Debug|Any CPU
		Release|Any CPU = Release|Any CPU
	EndGlobalSection
	GlobalSection(ProjectConfigurationPlatforms) = postSolution
		{0A310011-50E5-4FEE-9934-C2B54B753549}.Debug|Any CPU.ActiveCfg = Debug|Any CPU
		{0A310011-50E5-4FEE-9934-C2B54B753549}.Debug|Any CPU.Build.0 = Debug|Any CPU
		{0A310011-50E5-4FEE-9934-C2B54B753549}.Release|Any CPU.ActiveCfg = Release|Any CPU
		{0A310011-50E5-4FEE-9934-C2B54B753549}.Release|Any CPU.Build.0 = Release|Any CPU
	EndGlobalSection
	GlobalSection(SolutionProperties) = preSolution
		HideSolutionNode = FALSE
	EndGlobalSection
	GlobalSection(ExtensibilityGlobals) = postSolution
		SolutionGuid = {152145D8-2835-4B23-A408-8FAE47B018D8}
	EndGlobalSection
EndGlobal
